
Microsoft Visual Studio Solution File, Format Version 12.00
# Visual Studio Version 17
VisualStudioVersion = 17.8.34408.163
MinimumVisualStudioVersion = 10.0.40219.1
Project("{FAE04EC0-301F-11D3-BF4B-00C04F79EFBC}") = "TesWPFtApp", "TesWPFtApp\TesWPFtApp.csproj", "{C486B38B-FBBB-4336-A1BA-1CACBC2B0962}"
EndProject
Global
	GlobalSection(SolutionConfigurationPlatforms) = preSolution
		Debug|Any CPU = Debug|Any CPU
		Release|Any CPU = Release|Any CPU
	EndGlobalSection
	GlobalSection(ProjectConfigurationPlatforms) = postSolution
		{C486B38B-FBBB-4336-A1BA-1CACBC2B0962}.Debug|Any CPU.ActiveCfg = Debug|Any CPU
		{C486B38B-FBBB-4336-A1BA-1CACBC2B0962}.Debug|Any CPU.Build.0 = Debug|Any CPU
		{C486B38B-FBBB-4336-A1BA-1CACBC2B0962}.Release|Any CPU.ActiveCfg = Release|Any CPU
		{C486B38B-FBBB-4336-A1BA-1CACBC2B0962}.Release|Any CPU.Build.0 = Release|Any CPU
	EndGlobalSection
	GlobalSection(SolutionProperties) = preSolution
		HideSolutionNode = FALSE
	EndGlobalSection
	GlobalSection(ExtensibilityGlobals) = postSolution
		SolutionGuid = {AF034746-2287-4C93-BB3E-B4DDDA4097A3}
	EndGlobalSection
EndGlobal
